{
  "agent_id": "e0cdb2fc-5277-480c-84f0-daf2dbe92cb2",
  "file_path": "/home/alejandro/Code/MCP/Agent-MCP/rins_hooks/.claude/settings.json",
  "locked_at": "2025-07-07T08:29:11.544Z",
  "operation": "edit",
  "session_id": "e0cdb2fc-5277-480c-84f0-daf2dbe92cb2",
  "expires_at": "2025-07-07T08:39:11.544Z",
  "lock_id": "81cc0d40-fac5-4d73-a67e-759b4ed7bbd7"
}