{
  "agent_id": "5edb81ee-4145-432f-8efb-09d5e120ccc0",
  "file_path": "/home/alejandro/Code/MCP/Agent-MCP/rins_hooks/hooks/git-agentmcp/config.json",
  "locked_at": "2025-07-07T08:16:45.098Z",
  "operation": "edit",
  "session_id": "5edb81ee-4145-432f-8efb-09d5e120ccc0",
  "expires_at": "2025-07-07T08:26:45.098Z",
  "lock_id": "76dc5b45-3e68-494b-927e-6a95eca6bd0e"
}