{
  "agent_id": "e0cdb2fc-5277-480c-84f0-daf2dbe92cb2",
  "file_path": "/home/alejandro/Code/MCP/Agent-MCP/rins_hooks/final_integration_test.md",
  "locked_at": "2025-07-07T08:25:20.397Z",
  "operation": "write",
  "session_id": "e0cdb2fc-5277-480c-84f0-daf2dbe92cb2",
  "expires_at": "2025-07-07T08:35:20.397Z",
  "lock_id": "e93377a0-453e-4d83-b5c0-8fca6f18e12c"
}