{
  "agent_id": "5edb81ee-4145-432f-8efb-09d5e120ccc0",
  "file_path": "/home/alejandro/Code/MCP/Agent-MCP/rins_hooks/hooks/git-agentmcp/index.js",
  "locked_at": "2025-07-07T08:17:33.635Z",
  "operation": "edit",
  "session_id": "5edb81ee-4145-432f-8efb-09d5e120ccc0",
  "expires_at": "2025-07-07T08:27:33.635Z",
  "lock_id": "e9253f58-8949-48b5-b4b6-b81b720b02f3"
}