{
  "agent_id": "e0cdb2fc-5277-480c-84f0-daf2dbe92cb2",
  "file_path": "/home/alejandro/Code/MCP/Agent-MCP/rins_hooks/src/config.js",
  "locked_at": "2025-07-07T08:28:16.572Z",
  "operation": "edit",
  "session_id": "e0cdb2fc-5277-480c-84f0-daf2dbe92cb2",
  "expires_at": "2025-07-07T08:38:16.572Z",
  "lock_id": "88904c4a-e384-4833-ae10-bd5cc7bdc626"
}