{
  "agent_id": "5edb81ee-4145-432f-8efb-09d5e120ccc0",
  "file_path": "/home/alejandro/Code/MCP/Agent-MCP/rins_hooks/src/installer.js",
  "locked_at": "2025-07-07T08:17:09.718Z",
  "operation": "edit",
  "session_id": "5edb81ee-4145-432f-8efb-09d5e120ccc0",
  "expires_at": "2025-07-07T08:27:09.718Z",
  "lock_id": "bfceb4ae-56e1-4b45-9f3c-12d704292abe"
}