{
  "agent_id": "e0cdb2fc-5277-480c-84f0-daf2dbe92cb2",
  "file_path": "/home/alejandro/Code/MCP/Agent-MCP/rins_hooks/complete_integration_test.md",
  "locked_at": "2025-07-07T08:29:29.958Z",
  "operation": "write",
  "session_id": "e0cdb2fc-5277-480c-84f0-daf2dbe92cb2",
  "expires_at": "2025-07-07T08:39:29.958Z",
  "lock_id": "fefa59f3-57f5-46ea-b244-71fca59d1e4b"
}